<?xml version="1.0" encoding="utf-8"?>
<Project ToolsVersion="4.0" xmlns="http://schemas.microsoft.com/developer/msbuild/2003">
  <ItemGroup>
    <Filter Include="소스 파일">
      <UniqueIdentifier>{4FC737F1-C7A5-4376-A066-2A32D752A2FF}</UniqueIdentifier>
      <Extensions>cpp;c;cc;cxx;c++;cppm;ixx;def;odl;idl;hpj;bat;asm;asmx</Extensions>
    </Filter>
    <Filter Include="헤더 파일">
      <UniqueIdentifier>{93995380-89BD-4b04-88EB-625FBE52EBFB}</UniqueIdentifier>
      <Extensions>h;hh;hpp;hxx;h++;hm;inl;inc;ipp;xsd</Extensions>
    </Filter>
    <Filter Include="리소스 파일">
      <UniqueIdentifier>{67DA6AB6-F800-4c08-8B7A-83BB121AAD01}</UniqueIdentifier>
      <Extensions>rc;ico;cur;bmp;dlg;rc2;rct;bin;rgs;gif;jpg;jpeg;jpe;resx;tiff;tif;png;wav;mfcribbon-ms</Extensions>
    </Filter>
  </ItemGroup>
  <ItemGroup>
    <ClCompile Include="g_195695.cpp">
      <Filter>소스 파일</Filter>
    </ClCompile>
    <ClCompile Include="g_195694.cpp">
      <Filter>소스 파일</Filter>
    </ClCompile>
    <ClCompile Include="g_195698.cpp">
      <Filter>소스 파일</Filter>
    </ClCompile>
    <ClCompile Include="g_163021.cpp">
      <Filter>소스 파일</Filter>
    </ClCompile>
    <ClCompile Include="g_159546.cpp">
      <Filter>소스 파일</Filter>
    </ClCompile>
    <ClCompile Include="g_163022.cpp">
      <Filter>소스 파일</Filter>
    </ClCompile>
    <ClCompile Include="g_195693.cpp">
      <Filter>소스 파일</Filter>
    </ClCompile>
    <ClCompile Include="g_351306.cpp">
      <Filter>소스 파일</Filter>
    </ClCompile>
    <ClCompile Include="g_49088.cpp">
      <Filter>소스 파일</Filter>
    </ClCompile>
    <ClCompile Include="g_47883.cpp">
      <Filter>소스 파일</Filter>
    </ClCompile>
    <ClCompile Include="g_49086.cpp">
      <Filter>소스 파일</Filter>
    </ClCompile>
    <ClCompile Include="g_195683.cpp">
      <Filter>소스 파일</Filter>
    </ClCompile>
    <ClCompile Include="g_49094.cpp">
      <Filter>소스 파일</Filter>
    </ClCompile>
    <ClCompile Include="g_47882.cpp">
      <Filter>소스 파일</Filter>
    </ClCompile>
    <ClCompile Include="g_195685.cpp">
      <Filter>소스 파일</Filter>
    </ClCompile>
    <ClCompile Include="g_195684.cpp">
      <Filter>소스 파일</Filter>
    </ClCompile>
    <ClCompile Include="g_195686.cpp">
      <Filter>소스 파일</Filter>
    </ClCompile>
    <ClCompile Include="g_48193.cpp">
      <Filter>소스 파일</Filter>
    </ClCompile>
    <ClCompile Include="g_195689.cpp">
      <Filter>소스 파일</Filter>
    </ClCompile>
    <ClCompile Include="g_49053.cpp">
      <Filter>소스 파일</Filter>
    </ClCompile>
    <ClCompile Include="g_49105.cpp">
      <Filter>소스 파일</Filter>
    </ClCompile>
    <ClCompile Include="g_159667.cpp">
      <Filter>소스 파일</Filter>
    </ClCompile>
    <ClCompile Include="g_49106.cpp">
      <Filter>소스 파일</Filter>
    </ClCompile>
    <ClCompile Include="g_171192.cpp">
      <Filter>소스 파일</Filter>
    </ClCompile>
  </ItemGroup>
</Project>