<?xml version="1.0" encoding="utf-8"?>
<Project ToolsVersion="4.0" xmlns="http://schemas.microsoft.com/developer/msbuild/2003">
  <ItemGroup>
    <Filter Include="소스 파일">
      <UniqueIdentifier>{4FC737F1-C7A5-4376-A066-2A32D752A2FF}</UniqueIdentifier>
      <Extensions>cpp;c;cc;cxx;c++;cppm;ixx;def;odl;idl;hpj;bat;asm;asmx</Extensions>
    </Filter>
    <Filter Include="헤더 파일">
      <UniqueIdentifier>{93995380-89BD-4b04-88EB-625FBE52EBFB}</UniqueIdentifier>
      <Extensions>h;hh;hpp;hxx;h++;hm;inl;inc;ipp;xsd</Extensions>
    </Filter>
    <Filter Include="리소스 파일">
      <UniqueIdentifier>{67DA6AB6-F800-4c08-8B7A-83BB121AAD01}</UniqueIdentifier>
      <Extensions>rc;ico;cur;bmp;dlg;rc2;rct;bin;rgs;gif;jpg;jpeg;jpe;resx;tiff;tif;png;wav;mfcribbon-ms</Extensions>
    </Filter>
  </ItemGroup>
  <ItemGroup>
    <ClCompile Include="g_195695.cpp">
      <Filter>소스 파일</Filter>
    </ClCompile>
    <ClCompile Include="g_195694.cpp">
      <Filter>소스 파일</Filter>
    </ClCompile>
    <ClCompile Include="g_195698.cpp">
      <Filter>소스 파일</Filter>
    </ClCompile>
    <ClCompile Include="g_163021.cpp">
      <Filter>소스 파일</Filter>
    </ClCompile>
    <ClCompile Include="g_159546.cpp">
      <Filter>소스 파일</Filter>
    </ClCompile>
    <ClCompile Include="g_163022.cpp">
      <Filter>소스 파일</Filter>
    </ClCompile>
    <ClCompile Include="g_195693.cpp">
      <Filter>소스 파일</Filter>
    </ClCompile>
    <ClCompile Include="g_351306.cpp">
      <Filter>소스 파일</Filter>
    </ClCompile>
    <ClCompile Include="g_49088.cpp">
      <Filter>소스 파일</Filter>
    </ClCompile>
    <ClCompile Include="g_47883.cpp">
      <Filter>소스 파일</Filter>
    </ClCompile>
    <ClCompile Include="g_49086.cpp">
      <Filter>소스 파일</Filter>
    </ClCompile>
    <ClCompile Include="g_195683.cpp">
      <Filter>소스 파일</Filter>
    </ClCompile>
    <ClCompile Include="g_49094.cpp">
      <Filter>소스 파일</Filter>
    </ClCompile>
    <ClCompile Include="g_47882.cpp">
      <Filter>소스 파일</Filter>
    </ClCompile>
    <ClCompile Include="g_195685.cpp">
      <Filter>소스 파일</Filter>
    </ClCompile>
    <ClCompile Include="g_195684.cpp">
      <Filter>소스 파일</Filter>
    </ClCompile>
    <ClCompile Include="g_195686.cpp">
      <Filter>소스 파일</Filter>
    </ClCompile>
    <ClCompile Include="g_48193.cpp">
      <Filter>소스 파일</Filter>
    </ClCompile>
    <ClCompile Include="g_195689.cpp">
      <Filter>소스 파일</Filter>
    </ClCompile>
    <ClCompile Include="g_49053.cpp">
      <Filter>소스 파일</Filter>
    </ClCompile>
    <ClCompile Include="g_49105.cpp">
      <Filter>소스 파일</Filter>
    </ClCompile>
    <ClCompile Include="g_159667.cpp">
      <Filter>소스 파일</Filter>
    </ClCompile>
    <ClCompile Include="g_49106.cpp">
      <Filter>소스 파일</Filter>
    </ClCompile>
    <ClCompile Include="g_171192.cpp">
      <Filter>소스 파일</Filter>
    </ClCompile>
    <ClCompile Include="g_195696.cpp">
      <Filter>소스 파일</Filter>
    </ClCompile>
    <ClCompile Include="g_195702.cpp">
      <Filter>소스 파일</Filter>
    </ClCompile>
    <ClCompile Include="g_167336.cpp">
      <Filter>소스 파일</Filter>
    </ClCompile>
    <ClCompile Include="g_49107.cpp">
      <Filter>소스 파일</Filter>
    </ClCompile>
    <ClCompile Include="g_244330.cpp">
      <Filter>소스 파일</Filter>
    </ClCompile>
    <ClCompile Include="g_159181.cpp">
      <Filter>소스 파일</Filter>
    </ClCompile>
    <ClCompile Include="g_49069.cpp">
      <Filter>소스 파일</Filter>
    </ClCompile>
    <ClCompile Include="g_171280.cpp">
      <Filter>소스 파일</Filter>
    </ClCompile>
    <ClCompile Include="g_171375.cpp">
      <Filter>소스 파일</Filter>
    </ClCompile>
    <ClCompile Include="g_149359.cpp">
      <Filter>소스 파일</Filter>
    </ClCompile>
    <ClCompile Include="g_242429.cpp">
      <Filter>소스 파일</Filter>
    </ClCompile>
    <ClCompile Include="g_195032.cpp">
      <Filter>소스 파일</Filter>
    </ClCompile>
    <ClCompile Include="g_49066.cpp">
      <Filter>소스 파일</Filter>
    </ClCompile>
    <ClCompile Include="g_195691.cpp">
      <Filter>소스 파일</Filter>
    </ClCompile>
    <ClCompile Include="g_152114.cpp">
      <Filter>소스 파일</Filter>
    </ClCompile>
    <ClCompile Include="g_163678.cpp">
      <Filter>소스 파일</Filter>
    </ClCompile>
    <ClCompile Include="g_47880.cpp">
      <Filter>소스 파일</Filter>
    </ClCompile>
    <ClCompile Include="g_195687.cpp">
      <Filter>소스 파일</Filter>
    </ClCompile>
    <ClCompile Include="g_49072.cpp">
      <Filter>소스 파일</Filter>
    </ClCompile>
    <ClCompile Include="g_167850.cpp">
      <Filter>소스 파일</Filter>
    </ClCompile>
    <ClCompile Include="g_195690.cpp">
      <Filter>소스 파일</Filter>
    </ClCompile>
    <ClCompile Include="g_160275.cpp">
      <Filter>소스 파일</Filter>
    </ClCompile>
    <ClCompile Include="g_159184.cpp">
      <Filter>소스 파일</Filter>
    </ClCompile>
    <ClCompile Include="g_171918.cpp">
      <Filter>소스 파일</Filter>
    </ClCompile>
    <ClCompile Include="g_231778.cpp">
      <Filter>소스 파일</Filter>
    </ClCompile>
    <ClCompile Include="g_242354.cpp">
      <Filter>소스 파일</Filter>
    </ClCompile>
    <ClCompile Include="g_51353.cpp">
      <Filter>소스 파일</Filter>
    </ClCompile>
    <ClCompile Include="g_49078.cpp">
      <Filter>소스 파일</Filter>
    </ClCompile>
    <ClCompile Include="g_159665.cpp">
      <Filter>소스 파일</Filter>
    </ClCompile>
    <ClCompile Include="g_88520.cpp">
      <Filter>소스 파일</Filter>
    </ClCompile>
    <ClCompile Include="g_242356.cpp">
      <Filter>소스 파일</Filter>
    </ClCompile>
    <ClCompile Include="g_171960.cpp">
      <Filter>소스 파일</Filter>
    </ClCompile>
    <ClCompile Include="g_171306.cpp">
      <Filter>소스 파일</Filter>
    </ClCompile>
    <ClCompile Include="g_245100.cpp">
      <Filter>소스 파일</Filter>
    </ClCompile>
    <ClCompile Include="g_162064.cpp">
      <Filter>소스 파일</Filter>
    </ClCompile>
    <ClCompile Include="g_167841.cpp">
      <Filter>소스 파일</Filter>
    </ClCompile>
    <ClCompile Include="g_353885.cpp">
      <Filter>소스 파일</Filter>
    </ClCompile>
    <ClCompile Include="g_348609.cpp">
      <Filter>소스 파일</Filter>
    </ClCompile>
    <ClCompile Include="g_355609.cpp">
      <Filter>소스 파일</Filter>
    </ClCompile>
    <ClCompile Include="g_353642.cpp">
      <Filter>소스 파일</Filter>
    </ClCompile>
    <ClCompile Include="g_49058.cpp">
      <Filter>소스 파일</Filter>
    </ClCompile>
    <ClCompile Include="g_242879.cpp">
      <Filter>소스 파일</Filter>
    </ClCompile>
    <ClCompile Include="g_242856.cpp">
      <Filter>소스 파일</Filter>
    </ClCompile>
    <ClCompile Include="g_191032.cpp">
      <Filter>소스 파일</Filter>
    </ClCompile>
    <ClCompile Include="g_49077.cpp">
      <Filter>소스 파일</Filter>
    </ClCompile>
    <ClCompile Include="g_223340.cpp">
      <Filter>소스 파일</Filter>
    </ClCompile>
    <ClCompile Include="g_159177.cpp">
      <Filter>소스 파일</Filter>
    </ClCompile>
    <ClCompile Include="g_355873.cpp">
      <Filter>소스 파일</Filter>
    </ClCompile>
    <ClCompile Include="g_351976.cpp">
      <Filter>소스 파일</Filter>
    </ClCompile>
    <ClCompile Include="g_170830.cpp">
      <Filter>소스 파일</Filter>
    </ClCompile>
    <ClCompile Include="g_167341.cpp">
      <Filter>소스 파일</Filter>
    </ClCompile>
    <ClCompile Include="g_355872.cpp">
      <Filter>소스 파일</Filter>
    </ClCompile>
    <ClCompile Include="g_159695.cpp">
      <Filter>소스 파일</Filter>
    </ClCompile>
    <ClCompile Include="g_159664.cpp">
      <Filter>소스 파일</Filter>
    </ClCompile>
    <ClCompile Include="g_351978.cpp">
      <Filter>소스 파일</Filter>
    </ClCompile>
    <ClCompile Include="g_242348.cpp">
      <Filter>소스 파일</Filter>
    </ClCompile>
    <ClCompile Include="g_231765.cpp">
      <Filter>소스 파일</Filter>
    </ClCompile>
    <ClCompile Include="g_353619.cpp">
      <Filter>소스 파일</Filter>
    </ClCompile>
    <ClCompile Include="g_210125.cpp">
      <Filter>소스 파일</Filter>
    </ClCompile>
    <ClCompile Include="g_167840.cpp">
      <Filter>소스 파일</Filter>
    </ClCompile>
    <ClCompile Include="g_350207.cpp">
      <Filter>소스 파일</Filter>
    </ClCompile>
    <ClCompile Include="g_356061.cpp">
      <Filter>소스 파일</Filter>
    </ClCompile>
    <ClCompile Include="g_356369.cpp">
      <Filter>소스 파일</Filter>
    </ClCompile>
    <ClCompile Include="g_354237.cpp">
      <Filter>소스 파일</Filter>
    </ClCompile>
    <ClCompile Include="g_353439.cpp">
      <Filter>소스 파일</Filter>
    </ClCompile>
    <ClCompile Include="g_354236.cpp">
      <Filter>소스 파일</Filter>
    </ClCompile>
    <ClCompile Include="g_353884.cpp">
      <Filter>소스 파일</Filter>
    </ClCompile>
    <ClCompile Include="g_347956.cpp">
      <Filter>소스 파일</Filter>
    </ClCompile>
    <ClCompile Include="g_352972.cpp">
      <Filter>소스 파일</Filter>
    </ClCompile>
    <ClCompile Include="g_353889.cpp">
      <Filter>소스 파일</Filter>
    </ClCompile>
    <ClCompile Include="g_353891.cpp">
      <Filter>소스 파일</Filter>
    </ClCompile>
    <ClCompile Include="g_351977.cpp">
      <Filter>소스 파일</Filter>
    </ClCompile>
    <ClCompile Include="g_354235.cpp">
      <Filter>소스 파일</Filter>
    </ClCompile>
    <ClCompile Include="g_353437.cpp">
      <Filter>소스 파일</Filter>
    </ClCompile>
    <ClCompile Include="g_348741.cpp">
      <Filter>소스 파일</Filter>
    </ClCompile>
    <ClCompile Include="g_354507.cpp">
      <Filter>소스 파일</Filter>
    </ClCompile>
    <ClCompile Include="g_353615.cpp">
      <Filter>소스 파일</Filter>
    </ClCompile>
    <ClCompile Include="g_355875.cpp">
      <Filter>소스 파일</Filter>
    </ClCompile>
    <ClCompile Include="g_353236.cpp">
      <Filter>소스 파일</Filter>
    </ClCompile>
    <ClCompile Include="g_349853.cpp">
      <Filter>소스 파일</Filter>
    </ClCompile>
  </ItemGroup>
</Project>