<?xml version="1.0" encoding="utf-8"?>
<Project ToolsVersion="4.0" xmlns="http://schemas.microsoft.com/developer/msbuild/2003">
  <ItemGroup>
    <Filter Include="소스 파일">
      <UniqueIdentifier>{4FC737F1-C7A5-4376-A066-2A32D752A2FF}</UniqueIdentifier>
      <Extensions>cpp;c;cc;cxx;c++;cppm;ixx;def;odl;idl;hpj;bat;asm;asmx</Extensions>
    </Filter>
    <Filter Include="헤더 파일">
      <UniqueIdentifier>{93995380-89BD-4b04-88EB-625FBE52EBFB}</UniqueIdentifier>
      <Extensions>h;hh;hpp;hxx;h++;hm;inl;inc;ipp;xsd</Extensions>
    </Filter>
    <Filter Include="리소스 파일">
      <UniqueIdentifier>{67DA6AB6-F800-4c08-8B7A-83BB121AAD01}</UniqueIdentifier>
      <Extensions>rc;ico;cur;bmp;dlg;rc2;rct;bin;rgs;gif;jpg;jpeg;jpe;resx;tiff;tif;png;wav;mfcribbon-ms</Extensions>
    </Filter>
  </ItemGroup>
  <ItemGroup>
    <ClCompile Include="p_12928.cpp">
      <Filter>소스 파일</Filter>
    </ClCompile>
    <ClCompile Include="p_12931.cpp">
      <Filter>소스 파일</Filter>
    </ClCompile>
    <ClCompile Include="p_12937.cpp">
      <Filter>소스 파일</Filter>
    </ClCompile>
    <ClCompile Include="p_12944.cpp">
      <Filter>소스 파일</Filter>
    </ClCompile>
    <ClCompile Include="p_12954.cpp">
      <Filter>소스 파일</Filter>
    </ClCompile>
    <ClCompile Include="p_87389.cpp">
      <Filter>소스 파일</Filter>
    </ClCompile>
    <ClCompile Include="p_12925.cpp">
      <Filter>소스 파일</Filter>
    </ClCompile>
    <ClCompile Include="p_12912.cpp">
      <Filter>소스 파일</Filter>
    </ClCompile>
    <ClCompile Include="p_12916.cpp">
      <Filter>소스 파일</Filter>
    </ClCompile>
    <ClCompile Include="p_12932.cpp">
      <Filter>소스 파일</Filter>
    </ClCompile>
    <ClCompile Include="p_12933.cpp">
      <Filter>소스 파일</Filter>
    </ClCompile>
    <ClCompile Include="p_12934.cpp">
      <Filter>소스 파일</Filter>
    </ClCompile>
    <ClCompile Include="p_12947.cpp">
      <Filter>소스 파일</Filter>
    </ClCompile>
    <ClCompile Include="p_12910.cpp">
      <Filter>소스 파일</Filter>
    </ClCompile>
    <ClCompile Include="p_12919.cpp">
      <Filter>소스 파일</Filter>
    </ClCompile>
    <ClCompile Include="p_12943.cpp">
      <Filter>소스 파일</Filter>
    </ClCompile>
    <ClCompile Include="p_76501.cpp">
      <Filter>소스 파일</Filter>
    </ClCompile>
    <ClCompile Include="p_86051.cpp">
      <Filter>소스 파일</Filter>
    </ClCompile>
    <ClCompile Include="p_12935.cpp">
      <Filter>소스 파일</Filter>
    </ClCompile>
    <ClCompile Include="p_12948.cpp">
      <Filter>소스 파일</Filter>
    </ClCompile>
    <ClCompile Include="p_70128.cpp">
      <Filter>소스 파일</Filter>
    </ClCompile>
    <ClCompile Include="p_12922.cpp">
      <Filter>소스 파일</Filter>
    </ClCompile>
    <ClCompile Include="p_77884.cpp">
      <Filter>소스 파일</Filter>
    </ClCompile>
    <ClCompile Include="p_12917.cpp">
      <Filter>소스 파일</Filter>
    </ClCompile>
    <ClCompile Include="p_82612.cpp">
      <Filter>소스 파일</Filter>
    </ClCompile>
    <ClCompile Include="p_12918.cpp">
      <Filter>소스 파일</Filter>
    </ClCompile>
    <ClCompile Include="p_12950.cpp">
      <Filter>소스 파일</Filter>
    </ClCompile>
    <ClCompile Include="p_12969.cpp">
      <Filter>소스 파일</Filter>
    </ClCompile>
    <ClCompile Include="p_12940.cpp">
      <Filter>소스 파일</Filter>
    </ClCompile>
    <ClCompile Include="p_147355.cpp">
      <Filter>소스 파일</Filter>
    </ClCompile>
    <ClCompile Include="p_12930.cpp">
      <Filter>소스 파일</Filter>
    </ClCompile>
    <ClCompile Include="p_12982.cpp">
      <Filter>소스 파일</Filter>
    </ClCompile>
    <ClCompile Include="p_68935.cpp">
      <Filter>소스 파일</Filter>
    </ClCompile>
    <ClCompile Include="p_68644.cpp">
      <Filter>소스 파일</Filter>
    </ClCompile>
    <ClCompile Include="p_12926.cpp">
      <Filter>소스 파일</Filter>
    </ClCompile>
    <ClCompile Include="p_131705.cpp">
      <Filter>소스 파일</Filter>
    </ClCompile>
    <ClCompile Include="p_86491.cpp">
      <Filter>소스 파일</Filter>
    </ClCompile>
    <ClCompile Include="p_142086.cpp">
      <Filter>소스 파일</Filter>
    </ClCompile>
    <ClCompile Include="p_81301.cpp">
      <Filter>소스 파일</Filter>
    </ClCompile>
    <ClCompile Include="p_134240.cpp">
      <Filter>소스 파일</Filter>
    </ClCompile>
    <ClCompile Include="p_42748.cpp">
      <Filter>소스 파일</Filter>
    </ClCompile>
    <ClCompile Include="p_12915.cpp">
      <Filter>소스 파일</Filter>
    </ClCompile>
    <ClCompile Include="p_132267.cpp">
      <Filter>소스 파일</Filter>
    </ClCompile>
    <ClCompile Include="p_138477.cpp">
      <Filter>소스 파일</Filter>
    </ClCompile>
  </ItemGroup>
</Project>