<?xml version="1.0" encoding="utf-8"?>
<Project ToolsVersion="4.0" xmlns="http://schemas.microsoft.com/developer/msbuild/2003">
  <ItemGroup>
    <Filter Include="소스 파일">
      <UniqueIdentifier>{4FC737F1-C7A5-4376-A066-2A32D752A2FF}</UniqueIdentifier>
      <Extensions>cpp;c;cc;cxx;c++;cppm;ixx;def;odl;idl;hpj;bat;asm;asmx</Extensions>
    </Filter>
    <Filter Include="헤더 파일">
      <UniqueIdentifier>{93995380-89BD-4b04-88EB-625FBE52EBFB}</UniqueIdentifier>
      <Extensions>h;hh;hpp;hxx;h++;hm;inl;inc;ipp;xsd</Extensions>
    </Filter>
    <Filter Include="리소스 파일">
      <UniqueIdentifier>{67DA6AB6-F800-4c08-8B7A-83BB121AAD01}</UniqueIdentifier>
      <Extensions>rc;ico;cur;bmp;dlg;rc2;rct;bin;rgs;gif;jpg;jpeg;jpe;resx;tiff;tif;png;wav;mfcribbon-ms</Extensions>
    </Filter>
  </ItemGroup>
  <ItemGroup>
    <ClCompile Include="p_181952.cpp">
      <Filter>소스 파일</Filter>
    </ClCompile>
    <ClCompile Include="p_181951.cpp">
      <Filter>소스 파일</Filter>
    </ClCompile>
    <ClCompile Include="p_181950.cpp">
      <Filter>소스 파일</Filter>
    </ClCompile>
    <ClCompile Include="p_181949.cpp">
      <Filter>소스 파일</Filter>
    </ClCompile>
    <ClCompile Include="p_181948.cpp">
      <Filter>소스 파일</Filter>
    </ClCompile>
    <ClCompile Include="p_181947.cpp">
      <Filter>소스 파일</Filter>
    </ClCompile>
    <ClCompile Include="p_181946.cpp">
      <Filter>소스 파일</Filter>
    </ClCompile>
    <ClCompile Include="p_181945.cpp">
      <Filter>소스 파일</Filter>
    </ClCompile>
    <ClCompile Include="p_181944.cpp">
      <Filter>소스 파일</Filter>
    </ClCompile>
    <ClCompile Include="p_181943.cpp">
      <Filter>소스 파일</Filter>
    </ClCompile>
    <ClCompile Include="p_181942.cpp">
      <Filter>소스 파일</Filter>
    </ClCompile>
    <ClCompile Include="p_181941.cpp">
      <Filter>소스 파일</Filter>
    </ClCompile>
    <ClCompile Include="p_181940.cpp">
      <Filter>소스 파일</Filter>
    </ClCompile>
    <ClCompile Include="p_181939.cpp">
      <Filter>소스 파일</Filter>
    </ClCompile>
    <ClCompile Include="p_181938.cpp">
      <Filter>소스 파일</Filter>
    </ClCompile>
    <ClCompile Include="p_181937.cpp">
      <Filter>소스 파일</Filter>
    </ClCompile>
    <ClCompile Include="p_181936.cpp">
      <Filter>소스 파일</Filter>
    </ClCompile>
    <ClCompile Include="p_181935.cpp">
      <Filter>소스 파일</Filter>
    </ClCompile>
    <ClCompile Include="p_181934.cpp">
      <Filter>소스 파일</Filter>
    </ClCompile>
    <ClCompile Include="p_181933.cpp">
      <Filter>소스 파일</Filter>
    </ClCompile>
    <ClCompile Include="p_181928.cpp">
      <Filter>소스 파일</Filter>
    </ClCompile>
    <ClCompile Include="p_181929.cpp">
      <Filter>소스 파일</Filter>
    </ClCompile>
    <ClCompile Include="p_181930.cpp">
      <Filter>소스 파일</Filter>
    </ClCompile>
    <ClCompile Include="p_181931.cpp">
      <Filter>소스 파일</Filter>
    </ClCompile>
    <ClCompile Include="p_181932.cpp">
      <Filter>소스 파일</Filter>
    </ClCompile>
    <ClCompile Include="p_181927.cpp">
      <Filter>소스 파일</Filter>
    </ClCompile>
    <ClCompile Include="p_181926.cpp">
      <Filter>소스 파일</Filter>
    </ClCompile>
    <ClCompile Include="p_181925.cpp">
      <Filter>소스 파일</Filter>
    </ClCompile>
    <ClCompile Include="p_181923.cpp">
      <Filter>소스 파일</Filter>
    </ClCompile>
    <ClCompile Include="p_181924.cpp">
      <Filter>소스 파일</Filter>
    </ClCompile>
    <ClCompile Include="p_181920.cpp">
      <Filter>소스 파일</Filter>
    </ClCompile>
    <ClCompile Include="p_181921.cpp">
      <Filter>소스 파일</Filter>
    </ClCompile>
    <ClCompile Include="p_181918.cpp">
      <Filter>소스 파일</Filter>
    </ClCompile>
    <ClCompile Include="p_181922.cpp">
      <Filter>소스 파일</Filter>
    </ClCompile>
    <ClCompile Include="p_181919.cpp">
      <Filter>소스 파일</Filter>
    </ClCompile>
    <ClCompile Include="p_181917.cpp">
      <Filter>소스 파일</Filter>
    </ClCompile>
    <ClCompile Include="p_181915.cpp">
      <Filter>소스 파일</Filter>
    </ClCompile>
    <ClCompile Include="p_181916.cpp">
      <Filter>소스 파일</Filter>
    </ClCompile>
    <ClCompile Include="p_181914.cpp">
      <Filter>소스 파일</Filter>
    </ClCompile>
    <ClCompile Include="p_181913.cpp">
      <Filter>소스 파일</Filter>
    </ClCompile>
    <ClCompile Include="p_181912.cpp">
      <Filter>소스 파일</Filter>
    </ClCompile>
    <ClCompile Include="p_181910.cpp">
      <Filter>소스 파일</Filter>
    </ClCompile>
    <ClCompile Include="p_181911.cpp">
      <Filter>소스 파일</Filter>
    </ClCompile>
    <ClCompile Include="p_181909.cpp">
      <Filter>소스 파일</Filter>
    </ClCompile>
    <ClCompile Include="p_181908.cpp">
      <Filter>소스 파일</Filter>
    </ClCompile>
    <ClCompile Include="p_181907.cpp">
      <Filter>소스 파일</Filter>
    </ClCompile>
    <ClCompile Include="p_181906.cpp">
      <Filter>소스 파일</Filter>
    </ClCompile>
    <ClCompile Include="p_181903.cpp">
      <Filter>소스 파일</Filter>
    </ClCompile>
    <ClCompile Include="p_181904.cpp">
      <Filter>소스 파일</Filter>
    </ClCompile>
    <ClCompile Include="p_181905.cpp">
      <Filter>소스 파일</Filter>
    </ClCompile>
    <ClCompile Include="p_181902.cpp">
      <Filter>소스 파일</Filter>
    </ClCompile>
    <ClCompile Include="p_181899.cpp">
      <Filter>소스 파일</Filter>
    </ClCompile>
    <ClCompile Include="p_181898.cpp">
      <Filter>소스 파일</Filter>
    </ClCompile>
    <ClCompile Include="p_181900.cpp">
      <Filter>소스 파일</Filter>
    </ClCompile>
    <ClCompile Include="p_181901.cpp">
      <Filter>소스 파일</Filter>
    </ClCompile>
    <ClCompile Include="p_181895.cpp">
      <Filter>소스 파일</Filter>
    </ClCompile>
    <ClCompile Include="p_181894.cpp">
      <Filter>소스 파일</Filter>
    </ClCompile>
    <ClCompile Include="p_181896.cpp">
      <Filter>소스 파일</Filter>
    </ClCompile>
    <ClCompile Include="p_181893.cpp">
      <Filter>소스 파일</Filter>
    </ClCompile>
    <ClCompile Include="p_181897.cpp">
      <Filter>소스 파일</Filter>
    </ClCompile>
    <ClCompile Include="p_181892.cpp">
      <Filter>소스 파일</Filter>
    </ClCompile>
    <ClCompile Include="p_181891.cpp">
      <Filter>소스 파일</Filter>
    </ClCompile>
    <ClCompile Include="p_181890.cpp">
      <Filter>소스 파일</Filter>
    </ClCompile>
    <ClCompile Include="p_181889.cpp">
      <Filter>소스 파일</Filter>
    </ClCompile>
    <ClCompile Include="p_181888.cpp">
      <Filter>소스 파일</Filter>
    </ClCompile>
    <ClCompile Include="p_181887.cpp">
      <Filter>소스 파일</Filter>
    </ClCompile>
    <ClCompile Include="p_181886.cpp">
      <Filter>소스 파일</Filter>
    </ClCompile>
    <ClCompile Include="p_181885.cpp">
      <Filter>소스 파일</Filter>
    </ClCompile>
    <ClCompile Include="p_181884.cpp">
      <Filter>소스 파일</Filter>
    </ClCompile>
    <ClCompile Include="p_181883.cpp">
      <Filter>소스 파일</Filter>
    </ClCompile>
    <ClCompile Include="p_181882.cpp">
      <Filter>소스 파일</Filter>
    </ClCompile>
    <ClCompile Include="p_181881.cpp">
      <Filter>소스 파일</Filter>
    </ClCompile>
    <ClCompile Include="p_181880.cpp">
      <Filter>소스 파일</Filter>
    </ClCompile>
    <ClCompile Include="p_181879.cpp">
      <Filter>소스 파일</Filter>
    </ClCompile>
    <ClCompile Include="p_181878.cpp">
      <Filter>소스 파일</Filter>
    </ClCompile>
    <ClCompile Include="p_181877.cpp">
      <Filter>소스 파일</Filter>
    </ClCompile>
    <ClCompile Include="p_181876.cpp">
      <Filter>소스 파일</Filter>
    </ClCompile>
    <ClCompile Include="p_181875.cpp">
      <Filter>소스 파일</Filter>
    </ClCompile>
    <ClCompile Include="p_181874.cpp">
      <Filter>소스 파일</Filter>
    </ClCompile>
    <ClCompile Include="p_181873.cpp">
      <Filter>소스 파일</Filter>
    </ClCompile>
    <ClCompile Include="p_181872.cpp">
      <Filter>소스 파일</Filter>
    </ClCompile>
    <ClCompile Include="p_181871.cpp">
      <Filter>소스 파일</Filter>
    </ClCompile>
    <ClCompile Include="p_181870.cpp">
      <Filter>소스 파일</Filter>
    </ClCompile>
    <ClCompile Include="p_181869.cpp">
      <Filter>소스 파일</Filter>
    </ClCompile>
    <ClCompile Include="p_181868.cpp">
      <Filter>소스 파일</Filter>
    </ClCompile>
    <ClCompile Include="p_181867.cpp">
      <Filter>소스 파일</Filter>
    </ClCompile>
    <ClCompile Include="p_181866.cpp">
      <Filter>소스 파일</Filter>
    </ClCompile>
    <ClCompile Include="p_181865.cpp">
      <Filter>소스 파일</Filter>
    </ClCompile>
    <ClCompile Include="p_181863.cpp">
      <Filter>소스 파일</Filter>
    </ClCompile>
    <ClCompile Include="p_181864.cpp">
      <Filter>소스 파일</Filter>
    </ClCompile>
    <ClCompile Include="p_181862.cpp">
      <Filter>소스 파일</Filter>
    </ClCompile>
    <ClCompile Include="p_181861.cpp">
      <Filter>소스 파일</Filter>
    </ClCompile>
    <ClCompile Include="p_181860.cpp">
      <Filter>소스 파일</Filter>
    </ClCompile>
    <ClCompile Include="p_181859.cpp">
      <Filter>소스 파일</Filter>
    </ClCompile>
    <ClCompile Include="p_181858.cpp">
      <Filter>소스 파일</Filter>
    </ClCompile>
  </ItemGroup>
  <ItemGroup>
    <Text Include="input.txt">
      <Filter>소스 파일</Filter>
    </Text>
  </ItemGroup>
</Project>